
Microsoft Visual Studio Solution File, Format Version 12.00
# Visual Studio 15
VisualStudioVersion = 15.0.27130.2024
MinimumVisualStudioVersion = 10.0.40219.1
Project("{FAE04EC0-301F-11D3-BF4B-00C04F79EFBC}") = "Persona", "Persona\Persona.csproj", "{7B197C24-C5C7-4E47-A8E3-B674DF950C49}"
EndProject
Global
	GlobalSection(SolutionConfigurationPlatforms) = preSolution
		Debug|Any CPU = Debug|Any CPU
		Release|Any CPU = Release|Any CPU
	EndGlobalSection
	GlobalSection(ProjectConfigurationPlatforms) = postSolution
		{7B197C24-C5C7-4E47-A8E3-B674DF950C49}.Debug|Any CPU.ActiveCfg = Debug|Any CPU
		{7B197C24-C5C7-4E47-A8E3-B674DF950C49}.Debug|Any CPU.Build.0 = Debug|Any CPU
		{7B197C24-C5C7-4E47-A8E3-B674DF950C49}.Release|Any CPU.ActiveCfg = Release|Any CPU
		{7B197C24-C5C7-4E47-A8E3-B674DF950C49}.Release|Any CPU.Build.0 = Release|Any CPU
	EndGlobalSection
	GlobalSection(SolutionProperties) = preSolution
		HideSolutionNode = FALSE
	EndGlobalSection
	GlobalSection(ExtensibilityGlobals) = postSolution
		SolutionGuid = {41151F49-5C77-42D9-B4A0-ADC79BE90936}
	EndGlobalSection
EndGlobal
